
Microsoft Visual Studio Solution File, Format Version 12.00
# Visual Studio Version 17
VisualStudioVersion = 17.0.32112.339
MinimumVisualStudioVersion = 10.0.40219.1
Project("{2150E333-8FDC-42A3-9474-1A3956D46DE8}") = "src", "src", "{D40D1B94-3056-4108-BF25-4A25737FAE7F}"
EndProject
Project("{FAE04EC0-301F-11D3-BF4B-00C04F79EFBC}") = "FridgeApp.Api", "FridgeApp.Api\FridgeApp.Api.csproj", "{ED31D10A-38A1-40BD-AADD-8BC33F457029}"
EndProject
Project("{FAE04EC0-301F-11D3-BF4B-00C04F79EFBC}") = "FridgeApp.Domain", "FridgeApp.Domain\FridgeApp.Domain.csproj", "{3D1DFE03-B4EF-4D0F-902B-8B675939F921}"
EndProject
Project("{FAE04EC0-301F-11D3-BF4B-00C04F79EFBC}") = "FridgeApp.Application", "FridgeApp.Application\FridgeApp.Application.csproj", "{2CC41503-B392-45C0-8DA3-CDAD324DC0A1}"
EndProject
Project("{FAE04EC0-301F-11D3-BF4B-00C04F79EFBC}") = "FridgeApp.Infrastructure", "FridgeApp.Infrastructure\FridgeApp.Infrastructure.csproj", "{16B736A1-F8A7-442C-A790-6636C232523E}"
EndProject
Project("{2150E333-8FDC-42A3-9474-1A3956D46DE8}") = "Shared", "Shared", "{5A805658-F61F-4504-A729-4A96B1AF6853}"
EndProject
Project("{FAE04EC0-301F-11D3-BF4B-00C04F79EFBC}") = "FridgeApp.Shared", "FridgeApp.Shared\FridgeApp.Shared.csproj", "{8398B059-4DBA-4822-8E68-9D763E5D74CB}"
EndProject
Project("{FAE04EC0-301F-11D3-BF4B-00C04F79EFBC}") = "FridgeApp.Shared.Abstractions", "FridgeApp.Shared.Abstractions\FridgeApp.Shared.Abstractions.csproj", "{387DC4F9-9966-4890-9182-0D4A98E795DE}"
EndProject
Project("{2150E333-8FDC-42A3-9474-1A3956D46DE8}") = "tests", "tests", "{31337C5D-04A0-4A14-8A91-125201F12955}"
EndProject
Project("{FAE04EC0-301F-11D3-BF4B-00C04F79EFBC}") = "FridgeApp.UnitTests", "tests\FridgeApp.UnitTests\FridgeApp.UnitTests.csproj", "{B11A0F80-4938-40BF-8F3A-C1D27E6341BC}"
EndProject
Global
	GlobalSection(SolutionConfigurationPlatforms) = preSolution
		Debug|Any CPU = Debug|Any CPU
		Release|Any CPU = Release|Any CPU
	EndGlobalSection
	GlobalSection(ProjectConfigurationPlatforms) = postSolution
		{ED31D10A-38A1-40BD-AADD-8BC33F457029}.Debug|Any CPU.ActiveCfg = Debug|Any CPU
		{ED31D10A-38A1-40BD-AADD-8BC33F457029}.Debug|Any CPU.Build.0 = Debug|Any CPU
		{ED31D10A-38A1-40BD-AADD-8BC33F457029}.Release|Any CPU.ActiveCfg = Release|Any CPU
		{ED31D10A-38A1-40BD-AADD-8BC33F457029}.Release|Any CPU.Build.0 = Release|Any CPU
		{3D1DFE03-B4EF-4D0F-902B-8B675939F921}.Debug|Any CPU.ActiveCfg = Debug|Any CPU
		{3D1DFE03-B4EF-4D0F-902B-8B675939F921}.Debug|Any CPU.Build.0 = Debug|Any CPU
		{3D1DFE03-B4EF-4D0F-902B-8B675939F921}.Release|Any CPU.ActiveCfg = Release|Any CPU
		{3D1DFE03-B4EF-4D0F-902B-8B675939F921}.Release|Any CPU.Build.0 = Release|Any CPU
		{2CC41503-B392-45C0-8DA3-CDAD324DC0A1}.Debug|Any CPU.ActiveCfg = Debug|Any CPU
		{2CC41503-B392-45C0-8DA3-CDAD324DC0A1}.Debug|Any CPU.Build.0 = Debug|Any CPU
		{2CC41503-B392-45C0-8DA3-CDAD324DC0A1}.Release|Any CPU.ActiveCfg = Release|Any CPU
		{2CC41503-B392-45C0-8DA3-CDAD324DC0A1}.Release|Any CPU.Build.0 = Release|Any CPU
		{16B736A1-F8A7-442C-A790-6636C232523E}.Debug|Any CPU.ActiveCfg = Debug|Any CPU
		{16B736A1-F8A7-442C-A790-6636C232523E}.Debug|Any CPU.Build.0 = Debug|Any CPU
		{16B736A1-F8A7-442C-A790-6636C232523E}.Release|Any CPU.ActiveCfg = Release|Any CPU
		{16B736A1-F8A7-442C-A790-6636C232523E}.Release|Any CPU.Build.0 = Release|Any CPU
		{8398B059-4DBA-4822-8E68-9D763E5D74CB}.Debug|Any CPU.ActiveCfg = Debug|Any CPU
		{8398B059-4DBA-4822-8E68-9D763E5D74CB}.Debug|Any CPU.Build.0 = Debug|Any CPU
		{8398B059-4DBA-4822-8E68-9D763E5D74CB}.Release|Any CPU.ActiveCfg = Release|Any CPU
		{8398B059-4DBA-4822-8E68-9D763E5D74CB}.Release|Any CPU.Build.0 = Release|Any CPU
		{387DC4F9-9966-4890-9182-0D4A98E795DE}.Debug|Any CPU.ActiveCfg = Debug|Any CPU
		{387DC4F9-9966-4890-9182-0D4A98E795DE}.Debug|Any CPU.Build.0 = Debug|Any CPU
		{387DC4F9-9966-4890-9182-0D4A98E795DE}.Release|Any CPU.ActiveCfg = Release|Any CPU
		{387DC4F9-9966-4890-9182-0D4A98E795DE}.Release|Any CPU.Build.0 = Release|Any CPU
		{B11A0F80-4938-40BF-8F3A-C1D27E6341BC}.Debug|Any CPU.ActiveCfg = Debug|Any CPU
		{B11A0F80-4938-40BF-8F3A-C1D27E6341BC}.Debug|Any CPU.Build.0 = Debug|Any CPU
		{B11A0F80-4938-40BF-8F3A-C1D27E6341BC}.Release|Any CPU.ActiveCfg = Release|Any CPU
		{B11A0F80-4938-40BF-8F3A-C1D27E6341BC}.Release|Any CPU.Build.0 = Release|Any CPU
	EndGlobalSection
	GlobalSection(SolutionProperties) = preSolution
		HideSolutionNode = FALSE
	EndGlobalSection
	GlobalSection(NestedProjects) = preSolution
		{ED31D10A-38A1-40BD-AADD-8BC33F457029} = {D40D1B94-3056-4108-BF25-4A25737FAE7F}
		{3D1DFE03-B4EF-4D0F-902B-8B675939F921} = {D40D1B94-3056-4108-BF25-4A25737FAE7F}
		{2CC41503-B392-45C0-8DA3-CDAD324DC0A1} = {D40D1B94-3056-4108-BF25-4A25737FAE7F}
		{16B736A1-F8A7-442C-A790-6636C232523E} = {D40D1B94-3056-4108-BF25-4A25737FAE7F}
		{5A805658-F61F-4504-A729-4A96B1AF6853} = {D40D1B94-3056-4108-BF25-4A25737FAE7F}
		{8398B059-4DBA-4822-8E68-9D763E5D74CB} = {5A805658-F61F-4504-A729-4A96B1AF6853}
		{387DC4F9-9966-4890-9182-0D4A98E795DE} = {5A805658-F61F-4504-A729-4A96B1AF6853}
		{B11A0F80-4938-40BF-8F3A-C1D27E6341BC} = {31337C5D-04A0-4A14-8A91-125201F12955}
	EndGlobalSection
	GlobalSection(ExtensibilityGlobals) = postSolution
		SolutionGuid = {7FBF209F-ED73-4835-A168-073D72071A7A}
	EndGlobalSection
EndGlobal
